# THIS IS AN AUTOGENERATED FILE. DO NOT EDIT THIS FILE DIRECTLY.
# yarn lockfile v1


"@fullcalendar/core@^6.1.11":
  version "6.1.11"
  resolved "https://registry.yarnpkg.com/@fullcalendar/core/-/core-6.1.11.tgz#f9630e83ae977e774992507635b1e7af4c339d37"
  integrity sha512-TjG7c8sUz+Vkui2FyCNJ+xqyu0nq653Ibe99A66LoW95oBo6tVhhKIaG1Wh0GVKymYiqAQN/OEdYTuj4ay27kA==
  dependencies:
    preact "~10.12.1"

"@fullcalendar/daygrid@^6.1.11":
  version "6.1.11"
  resolved "https://registry.yarnpkg.com/@fullcalendar/daygrid/-/daygrid-6.1.11.tgz#83a5d4a94c314cf3a14b06bebba03b1b40e6d2ba"
  integrity sha512-hF5jJB7cgUIxWD5MVjj8IU407HISyLu7BWXcEIuTytkfr8oolOXeCazqnnjmRbnFOncoJQVstTtq6SIhaT32Xg==

"@hotwired/stimulus-webpack-helpers@^1.0.0", "@hotwired/stimulus-webpack-helpers@^1.0.1":
  version "1.0.1"
  resolved "https://registry.yarnpkg.com/@hotwired/stimulus-webpack-helpers/-/stimulus-webpack-helpers-1.0.1.tgz#4cd74487adeca576c9865ac2b9fe5cb20cef16dd"
  integrity sha512-wa/zupVG0eWxRYJjC1IiPBdt3Lruv0RqGN+/DTMmUWUyMAEB27KXmVY6a8YpUVTM7QwVuaLNGW4EqDgrS2upXQ==

"@hotwired/stimulus@^3.2.2":
  version "3.2.2"
  resolved "https://registry.yarnpkg.com/@hotwired/stimulus/-/stimulus-3.2.2.tgz#071aab59c600fed95b97939e605ff261a4251608"
  integrity sha512-eGeIqNOQpXoPAIP7tC1+1Yc1yl1xnwYqg+3mzqxyrbE5pg5YFBZcA6YoTiByJB6DKAEsiWtl6tjTJS4IYtbB7A==

"@kurkle/color@^0.3.0":
  version "0.3.2"
  resolved "https://registry.yarnpkg.com/@kurkle/color/-/color-0.3.2.tgz#5acd38242e8bde4f9986e7913c8fdf49d3aa199f"
  integrity sha512-fuscdXJ9G1qb7W8VdHi+IwRqij3lBkosAm4ydQtEmbY58OzHXqQhvlxqEkoz0yssNVn38bcpRWgA9PP+OGoisw==

chart.js@4, chart.js@^4.4.1:
  version "4.4.1"
  resolved "https://registry.yarnpkg.com/chart.js/-/chart.js-4.4.1.tgz#ac5dc0e69a7758909158a96fe80ce43b3bb96a9f"
  integrity sha512-C74QN1bxwV1v2PEujhmKjOZ7iUM4w6BWs23Md/6aOZZSlwMzeCIDGuZay++rBgChYru7/+QFeoQW0fQoP534Dg==
  dependencies:
    "@kurkle/color" "^0.3.0"

chartjs-adapter-date-fns@>=3:
  version "3.0.0"
  resolved "https://registry.yarnpkg.com/chartjs-adapter-date-fns/-/chartjs-adapter-date-fns-3.0.0.tgz#c25f63c7f317c1f96f9a7c44bd45eeedb8a478e5"
  integrity sha512-Rs3iEB3Q5pJ973J93OBTpnP7qoGwvq3nUnoMdtxO+9aoJof7UFcRbWcIDteXuYd1fgAvct/32T9qaLyLuZVwCg==

chartkick@^5.0.1:
  version "5.0.1"
  resolved "https://registry.yarnpkg.com/chartkick/-/chartkick-5.0.1.tgz#f557ff8560f974343dc65c7fc34ce1e8326d8ee7"
  integrity sha512-4F3tWI3eBQgnjCYZIZ+fHOaJuNyxeyhDE2Tm+voOWB19hDjSJceys/spzN52DOn8bWepNESGXvPVTGU1jeFsbA==
  optionalDependencies:
    chart.js "4"
    chartjs-adapter-date-fns ">=3"
    date-fns ">=2"

date-fns@>=2:
  version "3.3.1"
  resolved "https://registry.yarnpkg.com/date-fns/-/date-fns-3.3.1.tgz#7581daca0892d139736697717a168afbb908cfed"
  integrity sha512-y8e109LYGgoQDveiEBD3DYXKba1jWf5BA8YU1FL5Tvm0BTdEfy54WLCwnuYWZNnzzvALy/QQ4Hov+Q9RVRv+Zw==

preact@~10.12.1:
  version "10.12.1"
  resolved "https://registry.yarnpkg.com/preact/-/preact-10.12.1.tgz#8f9cb5442f560e532729b7d23d42fd1161354a21"
  integrity sha512-l8386ixSsBdbreOAkqtrwqHwdvR35ID8c3rKPa8lCWuO86dBi32QWHV4vfsZK1utLLFMvw+Z5Ad4XLkZzchscg==

stimulus@^3.2.2:
  version "3.2.2"
  resolved "https://registry.yarnpkg.com/stimulus/-/stimulus-3.2.2.tgz#a2e955f43e12e2e5784b175d4df5517ef678aa68"
  integrity sha512-sEGK0ofeMuW+B2oPLTigCqxl47P9vRfZxeqzY5Hk1u0QPWS8DZhW+VOEEyngtzdHM+MutXKGBT8BkUKoA0060Q==
  dependencies:
    "@hotwired/stimulus" "^3.2.2"
    "@hotwired/stimulus-webpack-helpers" "^1.0.0"
